// !$*UTF8*$!
{
	archiveVersion = 1;
	classes = {
	};
	objectVersion = 77;
	objects = {

/* Begin PBXBuildFile section */
		1E59AF9C880DE01FD40F6FF2 /* Pods_MVVMSwiftUICombine.framework in Frameworks */ = {isa = PBXBuildFile; fileRef = D6429C343EC50D39FCE2EB73 /* Pods_MVVMSwiftUICombine.framework */; };
		6752A1752CFF7512007A44E0 /* UsersView.swift in Sources */ = {isa = PBXBuildFile; fileRef = 6752A1722CFF7512007A44E0 /* UsersView.swift */; };
		6752A1762CFF7512007A44E0 /* MVVMSwiftUICombineApp.swift in Sources */ = {isa = PBXBuildFile; fileRef = 6752A1732CFF7512007A44E0 /* MVVMSwiftUICombineApp.swift */; };
		6752A1772CFF7512007A44E0 /* Preview Assets.xcassets in Resources */ = {isa = PBXBuildFile; fileRef = 6752A16F2CFF7512007A44E0 /* Preview Assets.xcassets */; };
		6752A1782CFF7512007A44E0 /* Assets.xcassets in Resources */ = {isa = PBXBuildFile; fileRef = 6752A1712CFF7512007A44E0 /* Assets.xcassets */; };
		6752A1992CFF77E8007A44E0 /* UIViewController+Ext.swift in Sources */ = {isa = PBXBuildFile; fileRef = 6752A1962CFF77E8007A44E0 /* UIViewController+Ext.swift */; };
		6752A19A2CFF77E8007A44E0 /* Realm+Ext.swift in Sources */ = {isa = PBXBuildFile; fileRef = 6752A1972CFF77E8007A44E0 /* Realm+Ext.swift */; };
		6752A1A12CFF7830007A44E0 /* JSONPlaceholderError.swift in Sources */ = {isa = PBXBuildFile; fileRef = 6752A19B2CFF7830007A44E0 /* JSONPlaceholderError.swift */; };
		675F5D862D05D90B00FFB724 /* JSONPlaceholderFetcher.swift in Sources */ = {isa = PBXBuildFile; fileRef = 675F5D852D05D90B00FFB724 /* JSONPlaceholderFetcher.swift */; };
		675F5D912D064F9200FFB724 /* RealmManager.swift in Sources */ = {isa = PBXBuildFile; fileRef = 675F5D902D064F9200FFB724 /* RealmManager.swift */; };
		67F411592D00700C00C2FE7E /* UsersViewModel.swift in Sources */ = {isa = PBXBuildFile; fileRef = 67F411582D00700C00C2FE7E /* UsersViewModel.swift */; };
		67F411602D00D43900C2FE7E /* SwiftfulLoadingIndicators in Frameworks */ = {isa = PBXBuildFile; productRef = 67F4115F2D00D43900C2FE7E /* SwiftfulLoadingIndicators */; };
		67F411882D038A0800C2FE7E /* MainTabView.swift in Sources */ = {isa = PBXBuildFile; fileRef = 67F411872D038A0800C2FE7E /* MainTabView.swift */; };
		67F663962D2196DC00929C53 /* NavigationCoordinator.swift in Sources */ = {isa = PBXBuildFile; fileRef = 67F6638D2D2196DC00929C53 /* NavigationCoordinator.swift */; };
		67F663972D2196DC00929C53 /* Routable.swift in Sources */ = {isa = PBXBuildFile; fileRef = 67F6638F2D2196DC00929C53 /* Routable.swift */; };
		67F663982D2196DC00929C53 /* AnyRoutable.swift in Sources */ = {isa = PBXBuildFile; fileRef = 67F663912D2196DC00929C53 /* AnyRoutable.swift */; };
		67F663992D2196DC00929C53 /* ViewFactory.swift in Sources */ = {isa = PBXBuildFile; fileRef = 67F6638E2D2196DC00929C53 /* ViewFactory.swift */; };
		67F6639A2D2196DC00929C53 /* AppRouter.swift in Sources */ = {isa = PBXBuildFile; fileRef = 67F663932D2196DC00929C53 /* AppRouter.swift */; };
		67F664242D21D1D800929C53 /* UsersRouter.swift in Sources */ = {isa = PBXBuildFile; fileRef = 67F664232D21D1D800929C53 /* UsersRouter.swift */; };
		67F6643D2D21E54200929C53 /* RMCompany.swift in Sources */ = {isa = PBXBuildFile; fileRef = 67F664342D21E54200929C53 /* RMCompany.swift */; };
		67F6643E2D21E54200929C53 /* LocationResponse.swift in Sources */ = {isa = PBXBuildFile; fileRef = 67F664392D21E54200929C53 /* LocationResponse.swift */; };
		67F6643F2D21E54200929C53 /* RMUser.swift in Sources */ = {isa = PBXBuildFile; fileRef = 67F664312D21E54200929C53 /* RMUser.swift */; };
		67F664402D21E54200929C53 /* CompanyResponse.swift in Sources */ = {isa = PBXBuildFile; fileRef = 67F664372D21E54200929C53 /* CompanyResponse.swift */; };
		67F664412D21E54200929C53 /* Company.swift in Sources */ = {isa = PBXBuildFile; fileRef = 67F6642D2D21E54200929C53 /* Company.swift */; };
		67F664422D21E54200929C53 /* Address.swift in Sources */ = {isa = PBXBuildFile; fileRef = 67F6642E2D21E54200929C53 /* Address.swift */; };
		67F664442D21E54200929C53 /* Location.swift in Sources */ = {isa = PBXBuildFile; fileRef = 67F6642F2D21E54200929C53 /* Location.swift */; };
		67F664452D21E54200929C53 /* RMAddress.swift in Sources */ = {isa = PBXBuildFile; fileRef = 67F664322D21E54200929C53 /* RMAddress.swift */; };
		67F664472D21E54200929C53 /* User.swift in Sources */ = {isa = PBXBuildFile; fileRef = 67F6642C2D21E54200929C53 /* User.swift */; };
		67F664482D21E54200929C53 /* UserResponse.swift in Sources */ = {isa = PBXBuildFile; fileRef = 67F664362D21E54200929C53 /* UserResponse.swift */; };
		67F6644A2D21E54200929C53 /* RMLocation.swift in Sources */ = {isa = PBXBuildFile; fileRef = 67F664332D21E54200929C53 /* RMLocation.swift */; };
		67F6644B2D21E54200929C53 /* AddressResponse.swift in Sources */ = {isa = PBXBuildFile; fileRef = 67F664382D21E54200929C53 /* AddressResponse.swift */; };
		67F664692D21E54C00929C53 /* Post.swift in Sources */ = {isa = PBXBuildFile; fileRef = 67F6644C2D21E54C00929C53 /* Post.swift */; };
		67F6646A2D21E54C00929C53 /* RMPost.swift in Sources */ = {isa = PBXBuildFile; fileRef = 67F6644E2D21E54C00929C53 /* RMPost.swift */; };
		67F6646D2D21E54C00929C53 /* PostResponse.swift in Sources */ = {isa = PBXBuildFile; fileRef = 67F664502D21E54C00929C53 /* PostResponse.swift */; };
		67F664772D2316B700929C53 /* UserDetailsView.swift in Sources */ = {isa = PBXBuildFile; fileRef = 67F664762D2316B700929C53 /* UserDetailsView.swift */; };
		67F664792D2318C100929C53 /* UserDetailsViewModel.swift in Sources */ = {isa = PBXBuildFile; fileRef = 67F664782D2318C100929C53 /* UserDetailsViewModel.swift */; };
		67F6647D2D25BA6200929C53 /* LoadingView.swift in Sources */ = {isa = PBXBuildFile; fileRef = 67F6647C2D25BA6200929C53 /* LoadingView.swift */; };
		67F664802D25ED1200929C53 /* PostsView.swift in Sources */ = {isa = PBXBuildFile; fileRef = 67F6647E2D25ED1200929C53 /* PostsView.swift */; };
		67F664812D25ED1200929C53 /* PostsViewModel.swift in Sources */ = {isa = PBXBuildFile; fileRef = 67F6647F2D25ED1200929C53 /* PostsViewModel.swift */; };
		67F664862D25F86800929C53 /* PostDetailsView.swift in Sources */ = {isa = PBXBuildFile; fileRef = 67F664842D25F86800929C53 /* PostDetailsView.swift */; };
		67F664872D25F86800929C53 /* PostDetailsViewModel.swift in Sources */ = {isa = PBXBuildFile; fileRef = 67F664852D25F86800929C53 /* PostDetailsViewModel.swift */; };
		67F664892D26FAFE00929C53 /* PostsRouter.swift in Sources */ = {isa = PBXBuildFile; fileRef = 67F664882D26FAFE00929C53 /* PostsRouter.swift */; };
		67F6648B2D270D1400929C53 /* UserDetailsRouter.swift in Sources */ = {isa = PBXBuildFile; fileRef = 67F6648A2D270D1400929C53 /* UserDetailsRouter.swift */; };
		67F6648D2D270DAD00929C53 /* PostDetailsRouter.swift in Sources */ = {isa = PBXBuildFile; fileRef = 67F6648C2D270DAD00929C53 /* PostDetailsRouter.swift */; };
/* End PBXBuildFile section */

/* Begin PBXFileReference section */
		5BA6FAF22D06B03EF9145743 /* Pods-MVVMSwiftUICombine.release.xcconfig */ = {isa = PBXFileReference; includeInIndex = 1; lastKnownFileType = text.xcconfig; name = "Pods-MVVMSwiftUICombine.release.xcconfig"; path = "Target Support Files/Pods-MVVMSwiftUICombine/Pods-MVVMSwiftUICombine.release.xcconfig"; sourceTree = "<group>"; };
		6684675944F5C8FCF8EAF3B2 /* Pods-MVVMSwiftUICombine.debug.xcconfig */ = {isa = PBXFileReference; includeInIndex = 1; lastKnownFileType = text.xcconfig; name = "Pods-MVVMSwiftUICombine.debug.xcconfig"; path = "Target Support Files/Pods-MVVMSwiftUICombine/Pods-MVVMSwiftUICombine.debug.xcconfig"; sourceTree = "<group>"; };
		6752A15E2CFF5085007A44E0 /* MVVMSwiftUICombine.app */ = {isa = PBXFileReference; explicitFileType = wrapper.application; includeInIndex = 0; path = MVVMSwiftUICombine.app; sourceTree = BUILT_PRODUCTS_DIR; };
		6752A16F2CFF7512007A44E0 /* Preview Assets.xcassets */ = {isa = PBXFileReference; lastKnownFileType = folder.assetcatalog; path = "Preview Assets.xcassets"; sourceTree = "<group>"; };
		6752A1712CFF7512007A44E0 /* Assets.xcassets */ = {isa = PBXFileReference; lastKnownFileType = folder.assetcatalog; path = Assets.xcassets; sourceTree = "<group>"; };
		6752A1722CFF7512007A44E0 /* UsersView.swift */ = {isa = PBXFileReference; lastKnownFileType = sourcecode.swift; path = UsersView.swift; sourceTree = "<group>"; };
		6752A1732CFF7512007A44E0 /* MVVMSwiftUICombineApp.swift */ = {isa = PBXFileReference; lastKnownFileType = sourcecode.swift; path = MVVMSwiftUICombineApp.swift; sourceTree = "<group>"; };
		6752A1962CFF77E8007A44E0 /* UIViewController+Ext.swift */ = {isa = PBXFileReference; lastKnownFileType = sourcecode.swift; path = "UIViewController+Ext.swift"; sourceTree = "<group>"; };
		6752A1972CFF77E8007A44E0 /* Realm+Ext.swift */ = {isa = PBXFileReference; lastKnownFileType = sourcecode.swift; path = "Realm+Ext.swift"; sourceTree = "<group>"; };
		6752A19B2CFF7830007A44E0 /* JSONPlaceholderError.swift */ = {isa = PBXFileReference; lastKnownFileType = sourcecode.swift; path = JSONPlaceholderError.swift; sourceTree = "<group>"; };
		675F5D852D05D90B00FFB724 /* JSONPlaceholderFetcher.swift */ = {isa = PBXFileReference; lastKnownFileType = sourcecode.swift; path = JSONPlaceholderFetcher.swift; sourceTree = "<group>"; };
		675F5D902D064F9200FFB724 /* RealmManager.swift */ = {isa = PBXFileReference; lastKnownFileType = sourcecode.swift; path = RealmManager.swift; sourceTree = "<group>"; };
		67F411582D00700C00C2FE7E /* UsersViewModel.swift */ = {isa = PBXFileReference; lastKnownFileType = sourcecode.swift; path = UsersViewModel.swift; sourceTree = "<group>"; };
		67F411872D038A0800C2FE7E /* MainTabView.swift */ = {isa = PBXFileReference; lastKnownFileType = sourcecode.swift; path = MainTabView.swift; sourceTree = "<group>"; };
		67F6638D2D2196DC00929C53 /* NavigationCoordinator.swift */ = {isa = PBXFileReference; lastKnownFileType = sourcecode.swift; path = NavigationCoordinator.swift; sourceTree = "<group>"; };
		67F6638E2D2196DC00929C53 /* ViewFactory.swift */ = {isa = PBXFileReference; lastKnownFileType = sourcecode.swift; path = ViewFactory.swift; sourceTree = "<group>"; };
		67F6638F2D2196DC00929C53 /* Routable.swift */ = {isa = PBXFileReference; lastKnownFileType = sourcecode.swift; path = Routable.swift; sourceTree = "<group>"; };
		67F663912D2196DC00929C53 /* AnyRoutable.swift */ = {isa = PBXFileReference; lastKnownFileType = sourcecode.swift; path = AnyRoutable.swift; sourceTree = "<group>"; };
		67F663932D2196DC00929C53 /* AppRouter.swift */ = {isa = PBXFileReference; lastKnownFileType = sourcecode.swift; path = AppRouter.swift; sourceTree = "<group>"; };
		67F664232D21D1D800929C53 /* UsersRouter.swift */ = {isa = PBXFileReference; lastKnownFileType = sourcecode.swift; path = UsersRouter.swift; sourceTree = "<group>"; };
		67F6642C2D21E54200929C53 /* User.swift */ = {isa = PBXFileReference; lastKnownFileType = sourcecode.swift; path = User.swift; sourceTree = "<group>"; };
		67F6642D2D21E54200929C53 /* Company.swift */ = {isa = PBXFileReference; lastKnownFileType = sourcecode.swift; path = Company.swift; sourceTree = "<group>"; };
		67F6642E2D21E54200929C53 /* Address.swift */ = {isa = PBXFileReference; lastKnownFileType = sourcecode.swift; path = Address.swift; sourceTree = "<group>"; };
		67F6642F2D21E54200929C53 /* Location.swift */ = {isa = PBXFileReference; lastKnownFileType = sourcecode.swift; path = Location.swift; sourceTree = "<group>"; };
		67F664312D21E54200929C53 /* RMUser.swift */ = {isa = PBXFileReference; lastKnownFileType = sourcecode.swift; path = RMUser.swift; sourceTree = "<group>"; };
		67F664322D21E54200929C53 /* RMAddress.swift */ = {isa = PBXFileReference; lastKnownFileType = sourcecode.swift; path = RMAddress.swift; sourceTree = "<group>"; };
		67F664332D21E54200929C53 /* RMLocation.swift */ = {isa = PBXFileReference; lastKnownFileType = sourcecode.swift; path = RMLocation.swift; sourceTree = "<group>"; };
		67F664342D21E54200929C53 /* RMCompany.swift */ = {isa = PBXFileReference; lastKnownFileType = sourcecode.swift; path = RMCompany.swift; sourceTree = "<group>"; };
		67F664362D21E54200929C53 /* UserResponse.swift */ = {isa = PBXFileReference; lastKnownFileType = sourcecode.swift; path = UserResponse.swift; sourceTree = "<group>"; };
		67F664372D21E54200929C53 /* CompanyResponse.swift */ = {isa = PBXFileReference; lastKnownFileType = sourcecode.swift; path = CompanyResponse.swift; sourceTree = "<group>"; };
		67F664382D21E54200929C53 /* AddressResponse.swift */ = {isa = PBXFileReference; lastKnownFileType = sourcecode.swift; path = AddressResponse.swift; sourceTree = "<group>"; };
		67F664392D21E54200929C53 /* LocationResponse.swift */ = {isa = PBXFileReference; lastKnownFileType = sourcecode.swift; path = LocationResponse.swift; sourceTree = "<group>"; };
		67F6644C2D21E54C00929C53 /* Post.swift */ = {isa = PBXFileReference; lastKnownFileType = sourcecode.swift; path = Post.swift; sourceTree = "<group>"; };
		67F6644E2D21E54C00929C53 /* RMPost.swift */ = {isa = PBXFileReference; lastKnownFileType = sourcecode.swift; path = RMPost.swift; sourceTree = "<group>"; };
		67F664502D21E54C00929C53 /* PostResponse.swift */ = {isa = PBXFileReference; lastKnownFileType = sourcecode.swift; path = PostResponse.swift; sourceTree = "<group>"; };
		67F664762D2316B700929C53 /* UserDetailsView.swift */ = {isa = PBXFileReference; lastKnownFileType = sourcecode.swift; path = UserDetailsView.swift; sourceTree = "<group>"; };
		67F664782D2318C100929C53 /* UserDetailsViewModel.swift */ = {isa = PBXFileReference; lastKnownFileType = sourcecode.swift; path = UserDetailsViewModel.swift; sourceTree = "<group>"; };
		67F6647C2D25BA6200929C53 /* LoadingView.swift */ = {isa = PBXFileReference; lastKnownFileType = sourcecode.swift; path = LoadingView.swift; sourceTree = "<group>"; };
		67F6647E2D25ED1200929C53 /* PostsView.swift */ = {isa = PBXFileReference; lastKnownFileType = sourcecode.swift; path = PostsView.swift; sourceTree = "<group>"; };
		67F6647F2D25ED1200929C53 /* PostsViewModel.swift */ = {isa = PBXFileReference; lastKnownFileType = sourcecode.swift; path = PostsViewModel.swift; sourceTree = "<group>"; };
		67F664842D25F86800929C53 /* PostDetailsView.swift */ = {isa = PBXFileReference; lastKnownFileType = sourcecode.swift; path = PostDetailsView.swift; sourceTree = "<group>"; };
		67F664852D25F86800929C53 /* PostDetailsViewModel.swift */ = {isa = PBXFileReference; lastKnownFileType = sourcecode.swift; path = PostDetailsViewModel.swift; sourceTree = "<group>"; };
		67F664882D26FAFE00929C53 /* PostsRouter.swift */ = {isa = PBXFileReference; lastKnownFileType = sourcecode.swift; path = PostsRouter.swift; sourceTree = "<group>"; };
		67F6648A2D270D1400929C53 /* UserDetailsRouter.swift */ = {isa = PBXFileReference; lastKnownFileType = sourcecode.swift; path = UserDetailsRouter.swift; sourceTree = "<group>"; };
		67F6648C2D270DAD00929C53 /* PostDetailsRouter.swift */ = {isa = PBXFileReference; lastKnownFileType = sourcecode.swift; path = PostDetailsRouter.swift; sourceTree = "<group>"; };
		D6429C343EC50D39FCE2EB73 /* Pods_MVVMSwiftUICombine.framework */ = {isa = PBXFileReference; explicitFileType = wrapper.framework; includeInIndex = 0; path = Pods_MVVMSwiftUICombine.framework; sourceTree = BUILT_PRODUCTS_DIR; };
/* End PBXFileReference section */

/* Begin PBXFrameworksBuildPhase section */
		6752A15B2CFF5085007A44E0 /* Frameworks */ = {
			isa = PBXFrameworksBuildPhase;
			buildActionMask = 2147483647;
			files = (
				1E59AF9C880DE01FD40F6FF2 /* Pods_MVVMSwiftUICombine.framework in Frameworks */,
				67F411602D00D43900C2FE7E /* SwiftfulLoadingIndicators in Frameworks */,
			);
			runOnlyForDeploymentPostprocessing = 0;
		};
/* End PBXFrameworksBuildPhase section */

/* Begin PBXGroup section */
		6752A1552CFF5085007A44E0 = {
			isa = PBXGroup;
			children = (
				6752A1742CFF7512007A44E0 /* MVVMSwiftUICombine */,
				6752A15F2CFF5085007A44E0 /* Products */,
				98829C9F86CB878E022FE30D /* Pods */,
				7F6A7F64C06CD1279D5E6E28 /* Frameworks */,
			);
			sourceTree = "<group>";
		};
		6752A15F2CFF5085007A44E0 /* Products */ = {
			isa = PBXGroup;
			children = (
				6752A15E2CFF5085007A44E0 /* MVVMSwiftUICombine.app */,
			);
			name = Products;
			sourceTree = "<group>";
		};
		6752A1702CFF7512007A44E0 /* Preview Content */ = {
			isa = PBXGroup;
			children = (
				6752A16F2CFF7512007A44E0 /* Preview Assets.xcassets */,
			);
			path = "Preview Content";
			sourceTree = "<group>";
		};
		6752A1742CFF7512007A44E0 /* MVVMSwiftUICombine */ = {
			isa = PBXGroup;
			children = (
				6752A1732CFF7512007A44E0 /* MVVMSwiftUICombineApp.swift */,
				6752A1AF2D004C22007A44E0 /* Scenes */,
				67F663952D2196DC00929C53 /* Navigation */,
				6752A19E2CFF7830007A44E0 /* Networking */,
				6752A1A82CFFA674007A44E0 /* Persistance */,
				6752A1982CFF77E8007A44E0 /* Helpers */,
				6752A1712CFF7512007A44E0 /* Assets.xcassets */,
				6752A1702CFF7512007A44E0 /* Preview Content */,
			);
			path = MVVMSwiftUICombine;
			sourceTree = "<group>";
		};
		6752A1982CFF77E8007A44E0 /* Helpers */ = {
			isa = PBXGroup;
			children = (
				67F6648E2D27201B00929C53 /* CustomViews */,
				6752A1962CFF77E8007A44E0 /* UIViewController+Ext.swift */,
				6752A1972CFF77E8007A44E0 /* Realm+Ext.swift */,
			);
			path = Helpers;
			sourceTree = "<group>";
		};
		6752A19E2CFF7830007A44E0 /* Networking */ = {
			isa = PBXGroup;
			children = (
				675F5D852D05D90B00FFB724 /* JSONPlaceholderFetcher.swift */,
				6752A19B2CFF7830007A44E0 /* JSONPlaceholderError.swift */,
			);
			path = Networking;
			sourceTree = "<group>";
		};
		6752A1A82CFFA674007A44E0 /* Persistance */ = {
			isa = PBXGroup;
			children = (
				675F5D902D064F9200FFB724 /* RealmManager.swift */,
			);
			path = Persistance;
			sourceTree = "<group>";
		};
		6752A1AF2D004C22007A44E0 /* Scenes */ = {
			isa = PBXGroup;
			children = (
				67F411872D038A0800C2FE7E /* MainTabView.swift */,
				6752A1B02D004EC1007A44E0 /* Users */,
				67F6639C2D21990600929C53 /* Posts */,
			);
			path = Scenes;
			sourceTree = "<group>";
		};
		6752A1B02D004EC1007A44E0 /* Users */ = {
			isa = PBXGroup;
			children = (
				67F6643C2D21E54200929C53 /* Models */,
				67F664732D2315B900929C53 /* UsersList */,
				67F664752D2315F500929C53 /* UserDetails */,
			);
			path = Users;
			sourceTree = "<group>";
		};
		67F663902D2196DC00929C53 /* Abstractions */ = {
			isa = PBXGroup;
			children = (
				67F6638D2D2196DC00929C53 /* NavigationCoordinator.swift */,
				67F6638E2D2196DC00929C53 /* ViewFactory.swift */,
				67F6638F2D2196DC00929C53 /* Routable.swift */,
			);
			path = Abstractions;
			sourceTree = "<group>";
		};
		67F663922D2196DC00929C53 /* Wrappers */ = {
			isa = PBXGroup;
			children = (
				67F663912D2196DC00929C53 /* AnyRoutable.swift */,
			);
			path = Wrappers;
			sourceTree = "<group>";
		};
		67F663952D2196DC00929C53 /* Navigation */ = {
			isa = PBXGroup;
			children = (
				67F663902D2196DC00929C53 /* Abstractions */,
				67F663922D2196DC00929C53 /* Wrappers */,
				67F663932D2196DC00929C53 /* AppRouter.swift */,
			);
			path = Navigation;
			sourceTree = "<group>";
		};
		67F6639C2D21990600929C53 /* Posts */ = {
			isa = PBXGroup;
			children = (
				67F664632D21E54C00929C53 /* Models */,
				67F664832D25EDD300929C53 /* PostsList */,
				67F664822D25EDCC00929C53 /* PostsDetails */,
			);
			path = Posts;
			sourceTree = "<group>";
		};
		67F664302D21E54200929C53 /* Domain */ = {
			isa = PBXGroup;
			children = (
				67F6642C2D21E54200929C53 /* User.swift */,
				67F6642D2D21E54200929C53 /* Company.swift */,
				67F6642E2D21E54200929C53 /* Address.swift */,
				67F6642F2D21E54200929C53 /* Location.swift */,
			);
			path = Domain;
			sourceTree = "<group>";
		};
		67F664352D21E54200929C53 /* Realm */ = {
			isa = PBXGroup;
			children = (
				67F664312D21E54200929C53 /* RMUser.swift */,
				67F664322D21E54200929C53 /* RMAddress.swift */,
				67F664332D21E54200929C53 /* RMLocation.swift */,
				67F664342D21E54200929C53 /* RMCompany.swift */,
			);
			path = Realm;
			sourceTree = "<group>";
		};
		67F6643A2D21E54200929C53 /* External */ = {
			isa = PBXGroup;
			children = (
				67F664362D21E54200929C53 /* UserResponse.swift */,
				67F664372D21E54200929C53 /* CompanyResponse.swift */,
				67F664382D21E54200929C53 /* AddressResponse.swift */,
				67F664392D21E54200929C53 /* LocationResponse.swift */,
			);
			path = External;
			sourceTree = "<group>";
		};
		67F6643C2D21E54200929C53 /* Models */ = {
			isa = PBXGroup;
			children = (
				67F664302D21E54200929C53 /* Domain */,
				67F664352D21E54200929C53 /* Realm */,
				67F6643A2D21E54200929C53 /* External */,
			);
			path = Models;
			sourceTree = "<group>";
		};
		67F6644D2D21E54C00929C53 /* Domain */ = {
			isa = PBXGroup;
			children = (
				67F6644C2D21E54C00929C53 /* Post.swift */,
			);
			path = Domain;
			sourceTree = "<group>";
		};
		67F6644F2D21E54C00929C53 /* Realm */ = {
			isa = PBXGroup;
			children = (
				67F6644E2D21E54C00929C53 /* RMPost.swift */,
			);
			path = Realm;
			sourceTree = "<group>";
		};
		67F664512D21E54C00929C53 /* External */ = {
			isa = PBXGroup;
			children = (
				67F664502D21E54C00929C53 /* PostResponse.swift */,
			);
			path = External;
			sourceTree = "<group>";
		};
		67F664632D21E54C00929C53 /* Models */ = {
			isa = PBXGroup;
			children = (
				67F6644D2D21E54C00929C53 /* Domain */,
				67F6644F2D21E54C00929C53 /* Realm */,
				67F664512D21E54C00929C53 /* External */,
			);
			path = Models;
			sourceTree = "<group>";
		};
		67F664732D2315B900929C53 /* UsersList */ = {
			isa = PBXGroup;
			children = (
				6752A1722CFF7512007A44E0 /* UsersView.swift */,
				67F411582D00700C00C2FE7E /* UsersViewModel.swift */,
				67F664232D21D1D800929C53 /* UsersRouter.swift */,
			);
			path = UsersList;
			sourceTree = "<group>";
		};
		67F664752D2315F500929C53 /* UserDetails */ = {
			isa = PBXGroup;
			children = (
				67F664762D2316B700929C53 /* UserDetailsView.swift */,
				67F664782D2318C100929C53 /* UserDetailsViewModel.swift */,
				67F6648A2D270D1400929C53 /* UserDetailsRouter.swift */,
			);
			path = UserDetails;
			sourceTree = "<group>";
		};
		67F664822D25EDCC00929C53 /* PostsDetails */ = {
			isa = PBXGroup;
			children = (
				67F664842D25F86800929C53 /* PostDetailsView.swift */,
				67F664852D25F86800929C53 /* PostDetailsViewModel.swift */,
				67F6648C2D270DAD00929C53 /* PostDetailsRouter.swift */,
			);
			path = PostsDetails;
			sourceTree = "<group>";
		};
		67F664832D25EDD300929C53 /* PostsList */ = {
			isa = PBXGroup;
			children = (
				67F6647E2D25ED1200929C53 /* PostsView.swift */,
				67F6647F2D25ED1200929C53 /* PostsViewModel.swift */,
				67F664882D26FAFE00929C53 /* PostsRouter.swift */,
			);
			path = PostsList;
			sourceTree = "<group>";
		};
		67F6648E2D27201B00929C53 /* CustomViews */ = {
			isa = PBXGroup;
			children = (
				67F6647C2D25BA6200929C53 /* LoadingView.swift */,
			);
			path = CustomViews;
			sourceTree = "<group>";
		};
		7F6A7F64C06CD1279D5E6E28 /* Frameworks */ = {
			isa = PBXGroup;
			children = (
				D6429C343EC50D39FCE2EB73 /* Pods_MVVMSwiftUICombine.framework */,
			);
			name = Frameworks;
			sourceTree = "<group>";
		};
		98829C9F86CB878E022FE30D /* Pods */ = {
			isa = PBXGroup;
			children = (
				6684675944F5C8FCF8EAF3B2 /* Pods-MVVMSwiftUICombine.debug.xcconfig */,
				5BA6FAF22D06B03EF9145743 /* Pods-MVVMSwiftUICombine.release.xcconfig */,
			);
			path = Pods;
			sourceTree = "<group>";
		};
/* End PBXGroup section */

/* Begin PBXNativeTarget section */
		6752A15D2CFF5085007A44E0 /* MVVMSwiftUICombine */ = {
			isa = PBXNativeTarget;
			buildConfigurationList = 6752A16C2CFF5087007A44E0 /* Build configuration list for PBXNativeTarget "MVVMSwiftUICombine" */;
			buildPhases = (
				8209F0A925652339AF72051B /* [CP] Check Pods Manifest.lock */,
				6752A15A2CFF5085007A44E0 /* Sources */,
				6752A15B2CFF5085007A44E0 /* Frameworks */,
				6752A15C2CFF5085007A44E0 /* Resources */,
				633A569FB9446B4143F2F371 /* [CP] Embed Pods Frameworks */,
			);
			buildRules = (
			);
			dependencies = (
			);
			name = MVVMSwiftUICombine;
			productName = MVVMSwiftUICombine;
			productReference = 6752A15E2CFF5085007A44E0 /* MVVMSwiftUICombine.app */;
			productType = "com.apple.product-type.application";
		};
/* End PBXNativeTarget section */

/* Begin PBXProject section */
		6752A1562CFF5085007A44E0 /* Project object */ = {
			isa = PBXProject;
			attributes = {
				BuildIndependentTargetsInParallel = 1;
				LastSwiftUpdateCheck = 1610;
				LastUpgradeCheck = 1610;
				TargetAttributes = {
					6752A15D2CFF5085007A44E0 = {
						CreatedOnToolsVersion = 16.1;
					};
				};
			};
			buildConfigurationList = 6752A1592CFF5085007A44E0 /* Build configuration list for PBXProject "MVVMSwiftUICombine" */;
			developmentRegion = en;
			hasScannedForEncodings = 0;
			knownRegions = (
				en,
				Base,
			);
			mainGroup = 6752A1552CFF5085007A44E0;
			minimizedProjectReferenceProxies = 1;
			packageReferences = (
				67F4115E2D00D43900C2FE7E /* XCRemoteSwiftPackageReference "SwiftfulLoadingIndicators" */,
			);
			preferredProjectObjectVersion = 77;
			productRefGroup = 6752A15F2CFF5085007A44E0 /* Products */;
			projectDirPath = "";
			projectRoot = "";
			targets = (
				6752A15D2CFF5085007A44E0 /* MVVMSwiftUICombine */,
			);
		};
/* End PBXProject section */

/* Begin PBXResourcesBuildPhase section */
		6752A15C2CFF5085007A44E0 /* Resources */ = {
			isa = PBXResourcesBuildPhase;
			buildActionMask = 2147483647;
			files = (
				6752A1772CFF7512007A44E0 /* Preview Assets.xcassets in Resources */,
				6752A1782CFF7512007A44E0 /* Assets.xcassets in Resources */,
			);
			runOnlyForDeploymentPostprocessing = 0;
		};
/* End PBXResourcesBuildPhase section */

/* Begin PBXShellScriptBuildPhase section */
		633A569FB9446B4143F2F371 /* [CP] Embed Pods Frameworks */ = {
			isa = PBXShellScriptBuildPhase;
			buildActionMask = 2147483647;
			files = (
			);
			inputFileListPaths = (
				"${PODS_ROOT}/Target Support Files/Pods-MVVMSwiftUICombine/Pods-MVVMSwiftUICombine-frameworks-${CONFIGURATION}-input-files.xcfilelist",
			);
			name = "[CP] Embed Pods Frameworks";
			outputFileListPaths = (
				"${PODS_ROOT}/Target Support Files/Pods-MVVMSwiftUICombine/Pods-MVVMSwiftUICombine-frameworks-${CONFIGURATION}-output-files.xcfilelist",
			);
			runOnlyForDeploymentPostprocessing = 0;
			shellPath = /bin/sh;
			shellScript = "\"${PODS_ROOT}/Target Support Files/Pods-MVVMSwiftUICombine/Pods-MVVMSwiftUICombine-frameworks.sh\"\n";
			showEnvVarsInLog = 0;
		};
		8209F0A925652339AF72051B /* [CP] Check Pods Manifest.lock */ = {
			isa = PBXShellScriptBuildPhase;
			buildActionMask = 2147483647;
			files = (
			);
			inputFileListPaths = (
			);
			inputPaths = (
				"${PODS_PODFILE_DIR_PATH}/Podfile.lock",
				"${PODS_ROOT}/Manifest.lock",
			);
			name = "[CP] Check Pods Manifest.lock";
			outputFileListPaths = (
			);
			outputPaths = (
				"$(DERIVED_FILE_DIR)/Pods-MVVMSwiftUICombine-checkManifestLockResult.txt",
			);
			runOnlyForDeploymentPostprocessing = 0;
			shellPath = /bin/sh;
			shellScript = "diff \"${PODS_PODFILE_DIR_PATH}/Podfile.lock\" \"${PODS_ROOT}/Manifest.lock\" > /dev/null\nif [ $? != 0 ] ; then\n    # print error to STDERR\n    echo \"error: The sandbox is not in sync with the Podfile.lock. Run 'pod install' or update your CocoaPods installation.\" >&2\n    exit 1\nfi\n# This output is used by Xcode 'outputs' to avoid re-running this script phase.\necho \"SUCCESS\" > \"${SCRIPT_OUTPUT_FILE_0}\"\n";
			showEnvVarsInLog = 0;
		};
/* End PBXShellScriptBuildPhase section */

/* Begin PBXSourcesBuildPhase section */
		6752A15A2CFF5085007A44E0 /* Sources */ = {
			isa = PBXSourcesBuildPhase;
			buildActionMask = 2147483647;
			files = (
				67F663962D2196DC00929C53 /* NavigationCoordinator.swift in Sources */,
				67F664772D2316B700929C53 /* UserDetailsView.swift in Sources */,
				67F663972D2196DC00929C53 /* Routable.swift in Sources */,
				67F663982D2196DC00929C53 /* AnyRoutable.swift in Sources */,
				67F663992D2196DC00929C53 /* ViewFactory.swift in Sources */,
				67F6639A2D2196DC00929C53 /* AppRouter.swift in Sources */,
				67F6648B2D270D1400929C53 /* UserDetailsRouter.swift in Sources */,
				675F5D912D064F9200FFB724 /* RealmManager.swift in Sources */,
				67F664792D2318C100929C53 /* UserDetailsViewModel.swift in Sources */,
				6752A1A12CFF7830007A44E0 /* JSONPlaceholderError.swift in Sources */,
				6752A1992CFF77E8007A44E0 /* UIViewController+Ext.swift in Sources */,
				67F6643D2D21E54200929C53 /* RMCompany.swift in Sources */,
				67F664862D25F86800929C53 /* PostDetailsView.swift in Sources */,
				67F664872D25F86800929C53 /* PostDetailsViewModel.swift in Sources */,
				67F6643E2D21E54200929C53 /* LocationResponse.swift in Sources */,
				67F6643F2D21E54200929C53 /* RMUser.swift in Sources */,
				67F664402D21E54200929C53 /* CompanyResponse.swift in Sources */,
				67F6648D2D270DAD00929C53 /* PostDetailsRouter.swift in Sources */,
				67F664412D21E54200929C53 /* Company.swift in Sources */,
				67F664422D21E54200929C53 /* Address.swift in Sources */,
				67F664442D21E54200929C53 /* Location.swift in Sources */,
				67F664452D21E54200929C53 /* RMAddress.swift in Sources */,
				67F664472D21E54200929C53 /* User.swift in Sources */,
				67F664482D21E54200929C53 /* UserResponse.swift in Sources */,
				67F664892D26FAFE00929C53 /* PostsRouter.swift in Sources */,
				67F6644A2D21E54200929C53 /* RMLocation.swift in Sources */,
				67F6644B2D21E54200929C53 /* AddressResponse.swift in Sources */,
				67F411882D038A0800C2FE7E /* MainTabView.swift in Sources */,
				6752A19A2CFF77E8007A44E0 /* Realm+Ext.swift in Sources */,
				67F411592D00700C00C2FE7E /* UsersViewModel.swift in Sources */,
				67F664802D25ED1200929C53 /* PostsView.swift in Sources */,
				67F664812D25ED1200929C53 /* PostsViewModel.swift in Sources */,
				675F5D862D05D90B00FFB724 /* JSONPlaceholderFetcher.swift in Sources */,
				67F664692D21E54C00929C53 /* Post.swift in Sources */,
				67F6646A2D21E54C00929C53 /* RMPost.swift in Sources */,
				67F6646D2D21E54C00929C53 /* PostResponse.swift in Sources */,
				67F664242D21D1D800929C53 /* UsersRouter.swift in Sources */,
				6752A1752CFF7512007A44E0 /* UsersView.swift in Sources */,
				6752A1762CFF7512007A44E0 /* MVVMSwiftUICombineApp.swift in Sources */,
				67F6647D2D25BA6200929C53 /* LoadingView.swift in Sources */,
			);
			runOnlyForDeploymentPostprocessing = 0;
		};
/* End PBXSourcesBuildPhase section */

/* Begin XCBuildConfiguration section */
		6752A16A2CFF5087007A44E0 /* Debug */ = {
			isa = XCBuildConfiguration;
			buildSettings = {
				ALWAYS_SEARCH_USER_PATHS = NO;
				ASSETCATALOG_COMPILER_GENERATE_SWIFT_ASSET_SYMBOL_EXTENSIONS = YES;
				CLANG_ANALYZER_NONNULL = YES;
				CLANG_ANALYZER_NUMBER_OBJECT_CONVERSION = YES_AGGRESSIVE;
				CLANG_CXX_LANGUAGE_STANDARD = "gnu++20";
				CLANG_ENABLE_MODULES = YES;
				CLANG_ENABLE_OBJC_ARC = YES;
				CLANG_ENABLE_OBJC_WEAK = YES;
				CLANG_WARN_BLOCK_CAPTURE_AUTORELEASING = YES;
				CLANG_WARN_BOOL_CONVERSION = YES;
				CLANG_WARN_COMMA = YES;
				CLANG_WARN_CONSTANT_CONVERSION = YES;
				CLANG_WARN_DEPRECATED_OBJC_IMPLEMENTATIONS = YES;
				CLANG_WARN_DIRECT_OBJC_ISA_USAGE = YES_ERROR;
				CLANG_WARN_DOCUMENTATION_COMMENTS = YES;
				CLANG_WARN_EMPTY_BODY = YES;
				CLANG_WARN_ENUM_CONVERSION = YES;
				CLANG_WARN_INFINITE_RECURSION = YES;
				CLANG_WARN_INT_CONVERSION = YES;
				CLANG_WARN_NON_LITERAL_NULL_CONVERSION = YES;
				CLANG_WARN_OBJC_IMPLICIT_RETAIN_SELF = YES;
				CLANG_WARN_OBJC_LITERAL_CONVERSION = YES;
				CLANG_WARN_OBJC_ROOT_CLASS = YES_ERROR;
				CLANG_WARN_QUOTED_INCLUDE_IN_FRAMEWORK_HEADER = YES;
				CLANG_WARN_RANGE_LOOP_ANALYSIS = YES;
				CLANG_WARN_STRICT_PROTOTYPES = YES;
				CLANG_WARN_SUSPICIOUS_MOVE = YES;
				CLANG_WARN_UNGUARDED_AVAILABILITY = YES_AGGRESSIVE;
				CLANG_WARN_UNREACHABLE_CODE = YES;
				CLANG_WARN__DUPLICATE_METHOD_MATCH = YES;
				COPY_PHASE_STRIP = NO;
				DEBUG_INFORMATION_FORMAT = dwarf;
				ENABLE_STRICT_OBJC_MSGSEND = YES;
				ENABLE_TESTABILITY = YES;
				ENABLE_USER_SCRIPT_SANDBOXING = YES;
				GCC_C_LANGUAGE_STANDARD = gnu17;
				GCC_DYNAMIC_NO_PIC = NO;
				GCC_NO_COMMON_BLOCKS = YES;
				GCC_OPTIMIZATION_LEVEL = 0;
				GCC_PREPROCESSOR_DEFINITIONS = (
					"DEBUG=1",
					"$(inherited)",
				);
				GCC_WARN_64_TO_32_BIT_CONVERSION = YES;
				GCC_WARN_ABOUT_RETURN_TYPE = YES_ERROR;
				GCC_WARN_UNDECLARED_SELECTOR = YES;
				GCC_WARN_UNINITIALIZED_AUTOS = YES_AGGRESSIVE;
				GCC_WARN_UNUSED_FUNCTION = YES;
				GCC_WARN_UNUSED_VARIABLE = YES;
				IPHONEOS_DEPLOYMENT_TARGET = 18.1;
				LOCALIZATION_PREFERS_STRING_CATALOGS = YES;
				MTL_ENABLE_DEBUG_INFO = INCLUDE_SOURCE;
				MTL_FAST_MATH = YES;
				ONLY_ACTIVE_ARCH = YES;
				SDKROOT = iphoneos;
				SWIFT_ACTIVE_COMPILATION_CONDITIONS = "DEBUG $(inherited)";
				SWIFT_OPTIMIZATION_LEVEL = "-Onone";
			};
			name = Debug;
		};
		6752A16B2CFF5087007A44E0 /* Release */ = {
			isa = XCBuildConfiguration;
			buildSettings = {
				ALWAYS_SEARCH_USER_PATHS = NO;
				ASSETCATALOG_COMPILER_GENERATE_SWIFT_ASSET_SYMBOL_EXTENSIONS = YES;
				CLANG_ANALYZER_NONNULL = YES;
				CLANG_ANALYZER_NUMBER_OBJECT_CONVERSION = YES_AGGRESSIVE;
				CLANG_CXX_LANGUAGE_STANDARD = "gnu++20";
				CLANG_ENABLE_MODULES = YES;
				CLANG_ENABLE_OBJC_ARC = YES;
				CLANG_ENABLE_OBJC_WEAK = YES;
				CLANG_WARN_BLOCK_CAPTURE_AUTORELEASING = YES;
				CLANG_WARN_BOOL_CONVERSION = YES;
				CLANG_WARN_COMMA = YES;
				CLANG_WARN_CONSTANT_CONVERSION = YES;
				CLANG_WARN_DEPRECATED_OBJC_IMPLEMENTATIONS = YES;
				CLANG_WARN_DIRECT_OBJC_ISA_USAGE = YES_ERROR;
				CLANG_WARN_DOCUMENTATION_COMMENTS = YES;
				CLANG_WARN_EMPTY_BODY = YES;
				CLANG_WARN_ENUM_CONVERSION = YES;
				CLANG_WARN_INFINITE_RECURSION = YES;
				CLANG_WARN_INT_CONVERSION = YES;
				CLANG_WARN_NON_LITERAL_NULL_CONVERSION = YES;
				CLANG_WARN_OBJC_IMPLICIT_RETAIN_SELF = YES;
				CLANG_WARN_OBJC_LITERAL_CONVERSION = YES;
				CLANG_WARN_OBJC_ROOT_CLASS = YES_ERROR;
				CLANG_WARN_QUOTED_INCLUDE_IN_FRAMEWORK_HEADER = YES;
				CLANG_WARN_RANGE_LOOP_ANALYSIS = YES;
				CLANG_WARN_STRICT_PROTOTYPES = YES;
				CLANG_WARN_SUSPICIOUS_MOVE = YES;
				CLANG_WARN_UNGUARDED_AVAILABILITY = YES_AGGRESSIVE;
				CLANG_WARN_UNREACHABLE_CODE = YES;
				CLANG_WARN__DUPLICATE_METHOD_MATCH = YES;
				COPY_PHASE_STRIP = NO;
				DEBUG_INFORMATION_FORMAT = "dwarf-with-dsym";
				ENABLE_NS_ASSERTIONS = NO;
				ENABLE_STRICT_OBJC_MSGSEND = YES;
				ENABLE_USER_SCRIPT_SANDBOXING = YES;
				GCC_C_LANGUAGE_STANDARD = gnu17;
				GCC_NO_COMMON_BLOCKS = YES;
				GCC_WARN_64_TO_32_BIT_CONVERSION = YES;
				GCC_WARN_ABOUT_RETURN_TYPE = YES_ERROR;
				GCC_WARN_UNDECLARED_SELECTOR = YES;
				GCC_WARN_UNINITIALIZED_AUTOS = YES_AGGRESSIVE;
				GCC_WARN_UNUSED_FUNCTION = YES;
				GCC_WARN_UNUSED_VARIABLE = YES;
				IPHONEOS_DEPLOYMENT_TARGET = 18.1;
				LOCALIZATION_PREFERS_STRING_CATALOGS = YES;
				MTL_ENABLE_DEBUG_INFO = NO;
				MTL_FAST_MATH = YES;
				SDKROOT = iphoneos;
				SWIFT_COMPILATION_MODE = wholemodule;
				VALIDATE_PRODUCT = YES;
			};
			name = Release;
		};
		6752A16D2CFF5087007A44E0 /* Debug */ = {
			isa = XCBuildConfiguration;
			baseConfigurationReference = 6684675944F5C8FCF8EAF3B2 /* Pods-MVVMSwiftUICombine.debug.xcconfig */;
			buildSettings = {
				ASSETCATALOG_COMPILER_APPICON_NAME = AppIcon;
				ASSETCATALOG_COMPILER_GLOBAL_ACCENT_COLOR_NAME = AccentColor;
				CODE_SIGN_STYLE = Automatic;
				CURRENT_PROJECT_VERSION = 1;
				DEVELOPMENT_ASSET_PATHS = "\"MVVMSwiftUICombine/Preview Content\"";
				DEVELOPMENT_TEAM = D6NJK5G93X;
				ENABLE_PREVIEWS = YES;
				ENABLE_USER_SCRIPT_SANDBOXING = NO;
				GENERATE_INFOPLIST_FILE = YES;
				INFOPLIST_KEY_UIApplicationSceneManifest_Generation = YES;
				INFOPLIST_KEY_UIApplicationSupportsIndirectInputEvents = YES;
				INFOPLIST_KEY_UILaunchScreen_Generation = YES;
				INFOPLIST_KEY_UISupportedInterfaceOrientations_iPad = "UIInterfaceOrientationPortrait UIInterfaceOrientationPortraitUpsideDown UIInterfaceOrientationLandscapeLeft UIInterfaceOrientationLandscapeRight";
				INFOPLIST_KEY_UISupportedInterfaceOrientations_iPhone = "UIInterfaceOrientationPortrait UIInterfaceOrientationLandscapeLeft UIInterfaceOrientationLandscapeRight";
				IPHONEOS_DEPLOYMENT_TARGET = 16.6;
				LD_RUNPATH_SEARCH_PATHS = (
					"$(inherited)",
					"@executable_path/Frameworks",
				);
				MARKETING_VERSION = 1.0;
				PRODUCT_BUNDLE_IDENTIFIER = com.auriga.MVVMSwiftUICombine;
				PRODUCT_NAME = "$(TARGET_NAME)";
				SWIFT_EMIT_LOC_STRINGS = YES;
				SWIFT_VERSION = 5.0;
				TARGETED_DEVICE_FAMILY = "1,2";
			};
			name = Debug;
		};
		6752A16E2CFF5087007A44E0 /* Release */ = {
			isa = XCBuildConfiguration;
			baseConfigurationReference = 5BA6FAF22D06B03EF9145743 /* Pods-MVVMSwiftUICombine.release.xcconfig */;
			buildSettings = {
				ASSETCATALOG_COMPILER_APPICON_NAME = AppIcon;
				ASSETCATALOG_COMPILER_GLOBAL_ACCENT_COLOR_NAME = AccentColor;
				CODE_SIGN_STYLE = Automatic;
				CURRENT_PROJECT_VERSION = 1;
				DEVELOPMENT_ASSET_PATHS = "\"MVVMSwiftUICombine/Preview Content\"";
				DEVELOPMENT_TEAM = D6NJK5G93X;
				ENABLE_PREVIEWS = YES;
				ENABLE_USER_SCRIPT_SANDBOXING = NO;
				GENERATE_INFOPLIST_FILE = YES;
				INFOPLIST_KEY_UIApplicationSceneManifest_Generation = YES;
				INFOPLIST_KEY_UIApplicationSupportsIndirectInputEvents = YES;
				INFOPLIST_KEY_UILaunchScreen_Generation = YES;
				INFOPLIST_KEY_UISupportedInterfaceOrientations_iPad = "UIInterfaceOrientationPortrait UIInterfaceOrientationPortraitUpsideDown UIInterfaceOrientationLandscapeLeft UIInterfaceOrientationLandscapeRight";
				INFOPLIST_KEY_UISupportedInterfaceOrientations_iPhone = "UIInterfaceOrientationPortrait UIInterfaceOrientationLandscapeLeft UIInterfaceOrientationLandscapeRight";
				IPHONEOS_DEPLOYMENT_TARGET = 16.6;
				LD_RUNPATH_SEARCH_PATHS = (
					"$(inherited)",
					"@executable_path/Frameworks",
				);
				MARKETING_VERSION = 1.0;
				PRODUCT_BUNDLE_IDENTIFIER = com.auriga.MVVMSwiftUICombine;
				PRODUCT_NAME = "$(TARGET_NAME)";
				SWIFT_EMIT_LOC_STRINGS = YES;
				SWIFT_VERSION = 5.0;
				TARGETED_DEVICE_FAMILY = "1,2";
			};
			name = Release;
		};
/* End XCBuildConfiguration section */

/* Begin XCConfigurationList section */
		6752A1592CFF5085007A44E0 /* Build configuration list for PBXProject "MVVMSwiftUICombine" */ = {
			isa = XCConfigurationList;
			buildConfigurations = (
				6752A16A2CFF5087007A44E0 /* Debug */,
				6752A16B2CFF5087007A44E0 /* Release */,
			);
			defaultConfigurationIsVisible = 0;
			defaultConfigurationName = Release;
		};
		6752A16C2CFF5087007A44E0 /* Build configuration list for PBXNativeTarget "MVVMSwiftUICombine" */ = {
			isa = XCConfigurationList;
			buildConfigurations = (
				6752A16D2CFF5087007A44E0 /* Debug */,
				6752A16E2CFF5087007A44E0 /* Release */,
			);
			defaultConfigurationIsVisible = 0;
			defaultConfigurationName = Release;
		};
/* End XCConfigurationList section */

/* Begin XCRemoteSwiftPackageReference section */
		67F4115E2D00D43900C2FE7E /* XCRemoteSwiftPackageReference "SwiftfulLoadingIndicators" */ = {
			isa = XCRemoteSwiftPackageReference;
			repositoryURL = "https://github.com/SwiftfulThinking/SwiftfulLoadingIndicators.git";
			requirement = {
				kind = upToNextMajorVersion;
				minimumVersion = 0.0.4;
			};
		};
/* End XCRemoteSwiftPackageReference section */

/* Begin XCSwiftPackageProductDependency section */
		67F4115F2D00D43900C2FE7E /* SwiftfulLoadingIndicators */ = {
			isa = XCSwiftPackageProductDependency;
			package = 67F4115E2D00D43900C2FE7E /* XCRemoteSwiftPackageReference "SwiftfulLoadingIndicators" */;
			productName = SwiftfulLoadingIndicators;
		};
/* End XCSwiftPackageProductDependency section */
	};
	rootObject = 6752A1562CFF5085007A44E0 /* Project object */;
}
